PATH
  remote: .
  specs:
    yaml-janitor (20251115)
      psych-pure (~> 0.2)

GEM
  remote: https://rubygems.org/
  specs:
    date (3.5.0)
    minitest (5.26.1)
    psych (5.2.6)
      date
      stringio
    psych-pure (0.2.0)
      psych
      strscan
    rake (13.3.1)
    stringio (3.1.8)
    strscan (3.1.5)

PLATFORMS
  ruby
  x86_64-linux

DEPENDENCIES
  minitest (~> 5.0, >= 0)
  psych-pure (~> 0.2.0)
  rake (~> 13.0, >= 0)
  yaml-janitor!

BUNDLED WITH
   2.7.2
